<?xml version="1.0" encoding="UTF-8"?>
<Project ToolsVersion="14.0" xmlns="http://schemas.microsoft.com/developer/msbuild/2003">
  <ItemGroup>
    <CustomBuild Include="D:\rex-animus\clang\vs15-build\CMakeFiles\9cdd5412da4c4576d4f68b122e121dc9\INSTALL_force.rule">
      <Filter>CMake Rules</Filter>
    </CustomBuild>
  </ItemGroup>
  <ItemGroup>
    <Filter Include="CMake Rules">
      <UniqueIdentifier>{BCCF218B-09FA-3CFE-8872-3FBE08B4A7DD}</UniqueIdentifier>
    </Filter>
  </ItemGroup>
</Project>
